
Microsoft Visual Studio Solution File, Format Version 12.00
# Visual Studio Version 17
VisualStudioVersion = 17.0.31903.59
MinimumVisualStudioVersion = 10.0.40219.1
Project("{FAE04EC0-301F-11D3-BF4B-00C04F79EFBC}") = "Venchanic.UI", "Venchanic.UI\Venchanic.UI.csproj", "{E002F176-90D8-430B-A467-DD31D9177E66}"
EndProject
Project("{FAE04EC0-301F-11D3-BF4B-00C04F79EFBC}") = "Venchanic.Core", "Venchanic.Core\Venchanic.Core.csproj", "{784566EC-8B59-4FCD-81D0-B1F05945EB7E}"
EndProject
Global
	GlobalSection(SolutionConfigurationPlatforms) = preSolution
		Debug|Any CPU = Debug|Any CPU
		Debug|x64 = Debug|x64
		Debug|x86 = Debug|x86
		Release|Any CPU = Release|Any CPU
		Release|x64 = Release|x64
		Release|x86 = Release|x86
	EndGlobalSection
	GlobalSection(ProjectConfigurationPlatforms) = postSolution
		{E002F176-90D8-430B-A467-DD31D9177E66}.Debug|Any CPU.ActiveCfg = Debug|x86
		{E002F176-90D8-430B-A467-DD31D9177E66}.Debug|Any CPU.Build.0 = Debug|x86
		{E002F176-90D8-430B-A467-DD31D9177E66}.Debug|x64.ActiveCfg = Debug|x64
		{E002F176-90D8-430B-A467-DD31D9177E66}.Debug|x64.Build.0 = Debug|x64
		{E002F176-90D8-430B-A467-DD31D9177E66}.Debug|x86.ActiveCfg = Debug|x86
		{E002F176-90D8-430B-A467-DD31D9177E66}.Debug|x86.Build.0 = Debug|x86
		{E002F176-90D8-430B-A467-DD31D9177E66}.Release|Any CPU.ActiveCfg = Release|x86
		{E002F176-90D8-430B-A467-DD31D9177E66}.Release|Any CPU.Build.0 = Release|x86
		{E002F176-90D8-430B-A467-DD31D9177E66}.Release|x64.ActiveCfg = Release|x64
		{E002F176-90D8-430B-A467-DD31D9177E66}.Release|x64.Build.0 = Release|x64
		{E002F176-90D8-430B-A467-DD31D9177E66}.Release|x86.ActiveCfg = Release|x86
		{E002F176-90D8-430B-A467-DD31D9177E66}.Release|x86.Build.0 = Release|x86
		{784566EC-8B59-4FCD-81D0-B1F05945EB7E}.Debug|Any CPU.ActiveCfg = Debug|Any CPU
		{784566EC-8B59-4FCD-81D0-B1F05945EB7E}.Debug|Any CPU.Build.0 = Debug|Any CPU
		{784566EC-8B59-4FCD-81D0-B1F05945EB7E}.Debug|x64.ActiveCfg = Debug|Any CPU
		{784566EC-8B59-4FCD-81D0-B1F05945EB7E}.Debug|x64.Build.0 = Debug|Any CPU
		{784566EC-8B59-4FCD-81D0-B1F05945EB7E}.Debug|x86.ActiveCfg = Debug|Any CPU
		{784566EC-8B59-4FCD-81D0-B1F05945EB7E}.Debug|x86.Build.0 = Debug|Any CPU
		{784566EC-8B59-4FCD-81D0-B1F05945EB7E}.Release|Any CPU.ActiveCfg = Release|Any CPU
		{784566EC-8B59-4FCD-81D0-B1F05945EB7E}.Release|Any CPU.Build.0 = Release|Any CPU
		{784566EC-8B59-4FCD-81D0-B1F05945EB7E}.Release|x64.ActiveCfg = Release|Any CPU
		{784566EC-8B59-4FCD-81D0-B1F05945EB7E}.Release|x64.Build.0 = Release|Any CPU
		{784566EC-8B59-4FCD-81D0-B1F05945EB7E}.Release|x86.ActiveCfg = Release|Any CPU
		{784566EC-8B59-4FCD-81D0-B1F05945EB7E}.Release|x86.Build.0 = Release|Any CPU
	EndGlobalSection
	GlobalSection(SolutionProperties) = preSolution
		HideSolutionNode = FALSE
	EndGlobalSection
EndGlobal
